// !$*UTF8*$!
{
	archiveVersion = 1;
	classes = {
	};
	objectVersion = 56;
	objects = {

/* Begin PBXBuildFile section */
		8008C4092A02DC7B008341FA /* ChatGPTSwift in Frameworks */ = {isa = PBXBuildFile; productRef = 8008C4082A02DC7B008341FA /* ChatGPTSwift */; };
		801B7E6D2A00A164008750CA /* StocksApp.swift in Sources */ = {isa = PBXBuildFile; fileRef = 801B7E6C2A00A164008750CA /* StocksApp.swift */; };
		801B7E6F2A00A164008750CA /* MainListView.swift in Sources */ = {isa = PBXBuildFile; fileRef = 801B7E6E2A00A164008750CA /* MainListView.swift */; };
		801B7E712A00A166008750CA /* Assets.xcassets in Resources */ = {isa = PBXBuildFile; fileRef = 801B7E702A00A166008750CA /* Assets.xcassets */; };
		801B7E742A00A166008750CA /* Preview Assets.xcassets in Resources */ = {isa = PBXBuildFile; fileRef = 801B7E732A00A166008750CA /* Preview Assets.xcassets */; };
		801B7E7C2A00A342008750CA /* StocksAPI in Frameworks */ = {isa = PBXBuildFile; productRef = 801B7E7B2A00A342008750CA /* StocksAPI */; };
		801B7E7E2A00A342008750CA /* StocksAPIExec in Frameworks */ = {isa = PBXBuildFile; productRef = 801B7E7D2A00A342008750CA /* StocksAPIExec */; };
		801B7E802A00A3C6008750CA /* TickerListRowData.swift in Sources */ = {isa = PBXBuildFile; fileRef = 801B7E7F2A00A3C6008750CA /* TickerListRowData.swift */; };
		801B7E862A00A502008750CA /* TickerListRowView.swift in Sources */ = {isa = PBXBuildFile; fileRef = 801B7E852A00A502008750CA /* TickerListRowView.swift */; };
		801B7E892A00A572008750CA /* EmptyStateView.swift in Sources */ = {isa = PBXBuildFile; fileRef = 801B7E882A00A572008750CA /* EmptyStateView.swift */; };
		801B7E8B2A00A603008750CA /* ErrorStateView.swift in Sources */ = {isa = PBXBuildFile; fileRef = 801B7E8A2A00A602008750CA /* ErrorStateView.swift */; };
		801B7E8D2A00A644008750CA /* LoadingStateView.swift in Sources */ = {isa = PBXBuildFile; fileRef = 801B7E8C2A00A644008750CA /* LoadingStateView.swift */; };
		801B7E902A00A674008750CA /* AppViewModel.swift in Sources */ = {isa = PBXBuildFile; fileRef = 801B7E8F2A00A674008750CA /* AppViewModel.swift */; };
		801B7E932A00A6F1008750CA /* Stubs.swift in Sources */ = {isa = PBXBuildFile; fileRef = 801B7E922A00A6F1008750CA /* Stubs.swift */; };
		801B7E952A00A73D008750CA /* QuotesViewModel.swift in Sources */ = {isa = PBXBuildFile; fileRef = 801B7E942A00A73D008750CA /* QuotesViewModel.swift */; };
		801B7E972A00A78A008750CA /* Utils.swift in Sources */ = {isa = PBXBuildFile; fileRef = 801B7E962A00A78A008750CA /* Utils.swift */; };
		801B7E9C2A00AD77008750CA /* FetchPhase.swift in Sources */ = {isa = PBXBuildFile; fileRef = 801B7E9B2A00AD77008750CA /* FetchPhase.swift */; };
		801B7E9E2A00ADC0008750CA /* SearchViewModel.swift in Sources */ = {isa = PBXBuildFile; fileRef = 801B7E9D2A00ADC0008750CA /* SearchViewModel.swift */; };
		801B7EA02A00AE0A008750CA /* SearchView.swift in Sources */ = {isa = PBXBuildFile; fileRef = 801B7E9F2A00AE0A008750CA /* SearchView.swift */; };
		801B7EA32A00B31D008750CA /* StocksAPI.swift in Sources */ = {isa = PBXBuildFile; fileRef = 801B7EA22A00B31D008750CA /* StocksAPI.swift */; };
		801B7EA62A00B52A008750CA /* XCAStocksAPI in Frameworks */ = {isa = PBXBuildFile; productRef = 801B7EA52A00B52A008750CA /* XCAStocksAPI */; };
		801B7EA82A00B582008750CA /* MockStocksAPI.swift in Sources */ = {isa = PBXBuildFile; fileRef = 801B7EA72A00B582008750CA /* MockStocksAPI.swift */; };
		801B7EAA2A00C023008750CA /* TickerListRepository.swift in Sources */ = {isa = PBXBuildFile; fileRef = 801B7EA92A00C023008750CA /* TickerListRepository.swift */; };
		801B7EAC2A00C064008750CA /* MockTickerListRepository.swift in Sources */ = {isa = PBXBuildFile; fileRef = 801B7EAB2A00C064008750CA /* MockTickerListRepository.swift */; };
		801B7EB12A00CFB3008750CA /* StockTickerView.swift in Sources */ = {isa = PBXBuildFile; fileRef = 801B7EB02A00CFB3008750CA /* StockTickerView.swift */; };
		801B7EB32A00CFC8008750CA /* TickerQuoteViewModel.swift in Sources */ = {isa = PBXBuildFile; fileRef = 801B7EB22A00CFC8008750CA /* TickerQuoteViewModel.swift */; };
		801B7EB52A00D1CE008750CA /* DateRangePickerView.swift in Sources */ = {isa = PBXBuildFile; fileRef = 801B7EB42A00D1CE008750CA /* DateRangePickerView.swift */; };
		801B7EB92A00D312008750CA /* QuoteDetailRowColumnView.swift in Sources */ = {isa = PBXBuildFile; fileRef = 801B7EB82A00D312008750CA /* QuoteDetailRowColumnView.swift */; };
		801B7EBD2A01941C008750CA /* ChartViewData.swift in Sources */ = {isa = PBXBuildFile; fileRef = 801B7EBC2A01941C008750CA /* ChartViewData.swift */; };
		801B7EBF2A019493008750CA /* ChartViewModel.swift in Sources */ = {isa = PBXBuildFile; fileRef = 801B7EBE2A019493008750CA /* ChartViewModel.swift */; };
		801B7EC12A019600008750CA /* Chart+Stubs.swift in Sources */ = {isa = PBXBuildFile; fileRef = 801B7EC02A019600008750CA /* Chart+Stubs.swift */; };
		801B7EC32A0196C2008750CA /* ChartView.swift in Sources */ = {isa = PBXBuildFile; fileRef = 801B7EC22A0196C2008750CA /* ChartView.swift */; };
		801B7EC52A01B236008750CA /* LearnView.swift in Sources */ = {isa = PBXBuildFile; fileRef = 801B7EC42A01B236008750CA /* LearnView.swift */; };
		801B7EC72A01B92A008750CA /* YTView.swift in Sources */ = {isa = PBXBuildFile; fileRef = 801B7EC62A01B92A008750CA /* YTView.swift */; };
		801B7ECC2A01F15E008750CA /* FirebaseAuth in Frameworks */ = {isa = PBXBuildFile; productRef = 801B7ECB2A01F15E008750CA /* FirebaseAuth */; };
		801B7ECE2A01F15E008750CA /* FirebaseDatabase in Frameworks */ = {isa = PBXBuildFile; productRef = 801B7ECD2A01F15E008750CA /* FirebaseDatabase */; };
		801B7ED02A01F15E008750CA /* FirebaseFirestore in Frameworks */ = {isa = PBXBuildFile; productRef = 801B7ECF2A01F15E008750CA /* FirebaseFirestore */; };
		801B7ED22A01F15E008750CA /* FirebaseFirestoreSwift in Frameworks */ = {isa = PBXBuildFile; productRef = 801B7ED12A01F15E008750CA /* FirebaseFirestoreSwift */; };
		801B7ED42A01F1D9008750CA /* Home.swift in Sources */ = {isa = PBXBuildFile; fileRef = 801B7ED32A01F1D9008750CA /* Home.swift */; };
		801B7ED62A01F315008750CA /* BlogApp.swift in Sources */ = {isa = PBXBuildFile; fileRef = 801B7ED52A01F315008750CA /* BlogApp.swift */; };
		801B7ED82A01F87B008750CA /* BlogViewModel.swift in Sources */ = {isa = PBXBuildFile; fileRef = 801B7ED72A01F87B008750CA /* BlogViewModel.swift */; };
		801B7EDA2A01F890008750CA /* Post.swift in Sources */ = {isa = PBXBuildFile; fileRef = 801B7ED92A01F890008750CA /* Post.swift */; };
		801B7EDC2A01FE71008750CA /* ContentView.swift in Sources */ = {isa = PBXBuildFile; fileRef = 801B7EDB2A01FE71008750CA /* ContentView.swift */; };
		801B7EDE2A0211FE008750CA /* CreatePost.swift in Sources */ = {isa = PBXBuildFile; fileRef = 801B7EDD2A0211FE008750CA /* CreatePost.swift */; };
		801B7EE02A021623008750CA /* TextView.swift in Sources */ = {isa = PBXBuildFile; fileRef = 801B7EDF2A021623008750CA /* TextView.swift */; };
		801B7EE72A0255E1008750CA /* OpenAISwift in Frameworks */ = {isa = PBXBuildFile; productRef = 801B7EE62A0255E1008750CA /* OpenAISwift */; };
		8052099E2A02D65100A0B4D3 /* ChatGPTAPIModels.swift in Sources */ = {isa = PBXBuildFile; fileRef = 8052099D2A02D65100A0B4D3 /* ChatGPTAPIModels.swift */; };
		805209A82A02D6A300A0B4D3 /* DotLoadingView.swift in Sources */ = {isa = PBXBuildFile; fileRef = 805209A22A02D6A300A0B4D3 /* DotLoadingView.swift */; };
		8087AF982A05B30D0034916B /* Foundation+Extensions.swift in Sources */ = {isa = PBXBuildFile; fileRef = 8087AF952A05B30D0034916B /* Foundation+Extensions.swift */; };
		8087AF992A05B30D0034916B /* Quote+Extensions.swift in Sources */ = {isa = PBXBuildFile; fileRef = 8087AF962A05B30D0034916B /* Quote+Extensions.swift */; };
		8087AF9A2A05B30D0034916B /* ChartRange+Extensions.swift in Sources */ = {isa = PBXBuildFile; fileRef = 8087AF972A05B30D0034916B /* ChartRange+Extensions.swift */; };
		8087AF9C2A05B5500034916B /* GoogleService-Info.plist in Resources */ = {isa = PBXBuildFile; fileRef = 8087AF9B2A05B5500034916B /* GoogleService-Info.plist */; };
		808EB5DA2A060B1D00DA67DA /* GoogleService-Info.plist in Resources */ = {isa = PBXBuildFile; fileRef = 808EB5D92A060B1D00DA67DA /* GoogleService-Info.plist */; };
		80A9FD182A02F1F6008012E4 /* ContentView1.swift in Sources */ = {isa = PBXBuildFile; fileRef = 80A9FD172A02F1F6008012E4 /* ContentView1.swift */; };
		80ABDF162A04D51000D96CD2 /* SignInView.swift in Sources */ = {isa = PBXBuildFile; fileRef = 80ABDF152A04D51000D96CD2 /* SignInView.swift */; };
/* End PBXBuildFile section */

/* Begin PBXFileReference section */
		801670342A05B95F0098E3AB /* StocksApp.entitlements */ = {isa = PBXFileReference; fileEncoding = 4; lastKnownFileType = text.plist.entitlements; path = StocksApp.entitlements; sourceTree = "<group>"; };
		801670352A05BBDD0098E3AB /* Info.plist */ = {isa = PBXFileReference; lastKnownFileType = text.plist; path = Info.plist; sourceTree = "<group>"; };
		801B7E692A00A164008750CA /* StocksApp.app */ = {isa = PBXFileReference; explicitFileType = wrapper.application; includeInIndex = 0; path = StocksApp.app; sourceTree = BUILT_PRODUCTS_DIR; };
		801B7E6C2A00A164008750CA /* StocksApp.swift */ = {isa = PBXFileReference; lastKnownFileType = sourcecode.swift; path = StocksApp.swift; sourceTree = "<group>"; };
		801B7E6E2A00A164008750CA /* MainListView.swift */ = {isa = PBXFileReference; lastKnownFileType = sourcecode.swift; path = MainListView.swift; sourceTree = "<group>"; };
		801B7E702A00A166008750CA /* Assets.xcassets */ = {isa = PBXFileReference; lastKnownFileType = folder.assetcatalog; path = Assets.xcassets; sourceTree = "<group>"; };
		801B7E732A00A166008750CA /* Preview Assets.xcassets */ = {isa = PBXFileReference; lastKnownFileType = folder.assetcatalog; path = "Preview Assets.xcassets"; sourceTree = "<group>"; };
		801B7E7F2A00A3C6008750CA /* TickerListRowData.swift */ = {isa = PBXFileReference; lastKnownFileType = sourcecode.swift; path = TickerListRowData.swift; sourceTree = "<group>"; };
		801B7E852A00A502008750CA /* TickerListRowView.swift */ = {isa = PBXFileReference; lastKnownFileType = sourcecode.swift; path = TickerListRowView.swift; sourceTree = "<group>"; };
		801B7E882A00A572008750CA /* EmptyStateView.swift */ = {isa = PBXFileReference; lastKnownFileType = sourcecode.swift; path = EmptyStateView.swift; sourceTree = "<group>"; };
		801B7E8A2A00A602008750CA /* ErrorStateView.swift */ = {isa = PBXFileReference; lastKnownFileType = sourcecode.swift; path = ErrorStateView.swift; sourceTree = "<group>"; };
		801B7E8C2A00A644008750CA /* LoadingStateView.swift */ = {isa = PBXFileReference; lastKnownFileType = sourcecode.swift; path = LoadingStateView.swift; sourceTree = "<group>"; };
		801B7E8F2A00A674008750CA /* AppViewModel.swift */ = {isa = PBXFileReference; lastKnownFileType = sourcecode.swift; path = AppViewModel.swift; sourceTree = "<group>"; };
		801B7E922A00A6F1008750CA /* Stubs.swift */ = {isa = PBXFileReference; lastKnownFileType = sourcecode.swift; path = Stubs.swift; sourceTree = "<group>"; };
		801B7E942A00A73D008750CA /* QuotesViewModel.swift */ = {isa = PBXFileReference; lastKnownFileType = sourcecode.swift; path = QuotesViewModel.swift; sourceTree = "<group>"; };
		801B7E962A00A78A008750CA /* Utils.swift */ = {isa = PBXFileReference; lastKnownFileType = sourcecode.swift; path = Utils.swift; sourceTree = "<group>"; };
		801B7E9B2A00AD77008750CA /* FetchPhase.swift */ = {isa = PBXFileReference; lastKnownFileType = sourcecode.swift; path = FetchPhase.swift; sourceTree = "<group>"; };
		801B7E9D2A00ADC0008750CA /* SearchViewModel.swift */ = {isa = PBXFileReference; lastKnownFileType = sourcecode.swift; path = SearchViewModel.swift; sourceTree = "<group>"; };
		801B7E9F2A00AE0A008750CA /* SearchView.swift */ = {isa = PBXFileReference; lastKnownFileType = sourcecode.swift; path = SearchView.swift; sourceTree = "<group>"; };
		801B7EA22A00B31D008750CA /* StocksAPI.swift */ = {isa = PBXFileReference; lastKnownFileType = sourcecode.swift; path = StocksAPI.swift; sourceTree = "<group>"; };
		801B7EA72A00B582008750CA /* MockStocksAPI.swift */ = {isa = PBXFileReference; lastKnownFileType = sourcecode.swift; path = MockStocksAPI.swift; sourceTree = "<group>"; };
		801B7EA92A00C023008750CA /* TickerListRepository.swift */ = {isa = PBXFileReference; lastKnownFileType = sourcecode.swift; path = TickerListRepository.swift; sourceTree = "<group>"; };
		801B7EAB2A00C064008750CA /* MockTickerListRepository.swift */ = {isa = PBXFileReference; lastKnownFileType = sourcecode.swift; path = MockTickerListRepository.swift; sourceTree = "<group>"; };
		801B7EB02A00CFB3008750CA /* StockTickerView.swift */ = {isa = PBXFileReference; lastKnownFileType = sourcecode.swift; path = StockTickerView.swift; sourceTree = "<group>"; };
		801B7EB22A00CFC8008750CA /* TickerQuoteViewModel.swift */ = {isa = PBXFileReference; lastKnownFileType = sourcecode.swift; path = TickerQuoteViewModel.swift; sourceTree = "<group>"; };
		801B7EB42A00D1CE008750CA /* DateRangePickerView.swift */ = {isa = PBXFileReference; lastKnownFileType = sourcecode.swift; path = DateRangePickerView.swift; sourceTree = "<group>"; };
		801B7EB82A00D312008750CA /* QuoteDetailRowColumnView.swift */ = {isa = PBXFileReference; lastKnownFileType = sourcecode.swift; path = QuoteDetailRowColumnView.swift; sourceTree = "<group>"; };
		801B7EBC2A01941C008750CA /* ChartViewData.swift */ = {isa = PBXFileReference; lastKnownFileType = sourcecode.swift; path = ChartViewData.swift; sourceTree = "<group>"; };
		801B7EBE2A019493008750CA /* ChartViewModel.swift */ = {isa = PBXFileReference; lastKnownFileType = sourcecode.swift; path = ChartViewModel.swift; sourceTree = "<group>"; };
		801B7EC02A019600008750CA /* Chart+Stubs.swift */ = {isa = PBXFileReference; lastKnownFileType = sourcecode.swift; path = "Chart+Stubs.swift"; sourceTree = "<group>"; };
		801B7EC22A0196C2008750CA /* ChartView.swift */ = {isa = PBXFileReference; lastKnownFileType = sourcecode.swift; path = ChartView.swift; sourceTree = "<group>"; };
		801B7EC42A01B236008750CA /* LearnView.swift */ = {isa = PBXFileReference; lastKnownFileType = sourcecode.swift; path = LearnView.swift; sourceTree = "<group>"; };
		801B7EC62A01B92A008750CA /* YTView.swift */ = {isa = PBXFileReference; lastKnownFileType = sourcecode.swift; path = YTView.swift; sourceTree = "<group>"; };
		801B7ED32A01F1D9008750CA /* Home.swift */ = {isa = PBXFileReference; lastKnownFileType = sourcecode.swift; path = Home.swift; sourceTree = "<group>"; };
		801B7ED52A01F315008750CA /* BlogApp.swift */ = {isa = PBXFileReference; lastKnownFileType = sourcecode.swift; path = BlogApp.swift; sourceTree = "<group>"; };
		801B7ED72A01F87B008750CA /* BlogViewModel.swift */ = {isa = PBXFileReference; lastKnownFileType = sourcecode.swift; path = BlogViewModel.swift; sourceTree = "<group>"; };
		801B7ED92A01F890008750CA /* Post.swift */ = {isa = PBXFileReference; lastKnownFileType = sourcecode.swift; path = Post.swift; sourceTree = "<group>"; };
		801B7EDB2A01FE71008750CA /* ContentView.swift */ = {isa = PBXFileReference; lastKnownFileType = sourcecode.swift; path = ContentView.swift; sourceTree = "<group>"; };
		801B7EDD2A0211FE008750CA /* CreatePost.swift */ = {isa = PBXFileReference; lastKnownFileType = sourcecode.swift; path = CreatePost.swift; sourceTree = "<group>"; };
		801B7EDF2A021623008750CA /* TextView.swift */ = {isa = PBXFileReference; lastKnownFileType = sourcecode.swift; path = TextView.swift; sourceTree = "<group>"; };
		8052099D2A02D65100A0B4D3 /* ChatGPTAPIModels.swift */ = {isa = PBXFileReference; lastKnownFileType = sourcecode.swift; path = ChatGPTAPIModels.swift; sourceTree = "<group>"; };
		805209A22A02D6A300A0B4D3 /* DotLoadingView.swift */ = {isa = PBXFileReference; fileEncoding = 4; lastKnownFileType = sourcecode.swift; path = DotLoadingView.swift; sourceTree = "<group>"; };
		8087AF952A05B30D0034916B /* Foundation+Extensions.swift */ = {isa = PBXFileReference; fileEncoding = 4; lastKnownFileType = sourcecode.swift; path = "Foundation+Extensions.swift"; sourceTree = "<group>"; };
		8087AF962A05B30D0034916B /* Quote+Extensions.swift */ = {isa = PBXFileReference; fileEncoding = 4; lastKnownFileType = sourcecode.swift; path = "Quote+Extensions.swift"; sourceTree = "<group>"; };
		8087AF972A05B30D0034916B /* ChartRange+Extensions.swift */ = {isa = PBXFileReference; fileEncoding = 4; lastKnownFileType = sourcecode.swift; path = "ChartRange+Extensions.swift"; sourceTree = "<group>"; };
		8087AF9B2A05B5500034916B /* GoogleService-Info.plist */ = {isa = PBXFileReference; fileEncoding = 4; lastKnownFileType = text.plist.xml; path = "GoogleService-Info.plist"; sourceTree = "<group>"; };
		808EB5D92A060B1D00DA67DA /* GoogleService-Info.plist */ = {isa = PBXFileReference; fileEncoding = 4; lastKnownFileType = text.plist.xml; path = "GoogleService-Info.plist"; sourceTree = "<group>"; };
		80A9FD172A02F1F6008012E4 /* ContentView1.swift */ = {isa = PBXFileReference; lastKnownFileType = sourcecode.swift; path = ContentView1.swift; sourceTree = "<group>"; };
		80ABDF152A04D51000D96CD2 /* SignInView.swift */ = {isa = PBXFileReference; lastKnownFileType = sourcecode.swift; path = SignInView.swift; sourceTree = "<group>"; };
/* End PBXFileReference section */

/* Begin PBXFrameworksBuildPhase section */
		801B7E662A00A164008750CA /* Frameworks */ = {
			isa = PBXFrameworksBuildPhase;
			buildActionMask = 2147483647;
			files = (
				801B7ECE2A01F15E008750CA /* FirebaseDatabase in Frameworks */,
				8008C4092A02DC7B008341FA /* ChatGPTSwift in Frameworks */,
				801B7EA62A00B52A008750CA /* XCAStocksAPI in Frameworks */,
				801B7E7C2A00A342008750CA /* StocksAPI in Frameworks */,
				801B7ED22A01F15E008750CA /* FirebaseFirestoreSwift in Frameworks */,
				801B7EE72A0255E1008750CA /* OpenAISwift in Frameworks */,
				801B7E7E2A00A342008750CA /* StocksAPIExec in Frameworks */,
				801B7ECC2A01F15E008750CA /* FirebaseAuth in Frameworks */,
				801B7ED02A01F15E008750CA /* FirebaseFirestore in Frameworks */,
			);
			runOnlyForDeploymentPostprocessing = 0;
		};
/* End PBXFrameworksBuildPhase section */

/* Begin PBXGroup section */
		8008C4062A02DC30008341FA /* Frameworks */ = {
			isa = PBXGroup;
			children = (
			);
			name = Frameworks;
			sourceTree = "<group>";
		};
		801B7E602A00A164008750CA = {
			isa = PBXGroup;
			children = (
				801B7E6B2A00A164008750CA /* StocksApp */,
				801B7E6A2A00A164008750CA /* Products */,
				8008C4062A02DC30008341FA /* Frameworks */,
			);
			sourceTree = "<group>";
		};
		801B7E6A2A00A164008750CA /* Products */ = {
			isa = PBXGroup;
			children = (
				801B7E692A00A164008750CA /* StocksApp.app */,
			);
			name = Products;
			sourceTree = "<group>";
		};
		801B7E6B2A00A164008750CA /* StocksApp */ = {
			isa = PBXGroup;
			children = (
				801670352A05BBDD0098E3AB /* Info.plist */,
				801670342A05B95F0098E3AB /* StocksApp.entitlements */,
				801B7E6C2A00A164008750CA /* StocksApp.swift */,
				801B7EA12A00B308008750CA /* Services */,
				801B7E982A00A7B4008750CA /* Extensions */,
				801B7E912A00A6CA008750CA /* Mocks & Stubs */,
				801B7E8E2A00A666008750CA /* View Models */,
				801B7E822A00A49A008750CA /* Views */,
				801B7E812A00A413008750CA /* Models */,
				801B7E702A00A166008750CA /* Assets.xcassets */,
				801B7E722A00A166008750CA /* Preview Content */,
				801B7E962A00A78A008750CA /* Utils.swift */,
			);
			path = StocksApp;
			sourceTree = "<group>";
		};
		801B7E722A00A166008750CA /* Preview Content */ = {
			isa = PBXGroup;
			children = (
				801B7E732A00A166008750CA /* Preview Assets.xcassets */,
			);
			path = "Preview Content";
			sourceTree = "<group>";
		};
		801B7E812A00A413008750CA /* Models */ = {
			isa = PBXGroup;
			children = (
				801B7E7F2A00A3C6008750CA /* TickerListRowData.swift */,
				801B7E9B2A00AD77008750CA /* FetchPhase.swift */,
				801B7EBC2A01941C008750CA /* ChartViewData.swift */,
				801B7ED92A01F890008750CA /* Post.swift */,
				8052099D2A02D65100A0B4D3 /* ChatGPTAPIModels.swift */,
			);
			path = Models;
			sourceTree = "<group>";
		};
		801B7E822A00A49A008750CA /* Views */ = {
			isa = PBXGroup;
			children = (
				801B7EAD2A00CF86008750CA /* Stock Ticker Sheet Views */,
				801B7E872A00A561008750CA /* Common */,
				80E839BB2A070DC1004B4F28 /* YouTube Learn Views */,
				80E839BA2A070D98004B4F28 /* Blog Views */,
				80E839B92A070D35004B4F28 /* ChatGPT Views */,
				8087AF9B2A05B5500034916B /* GoogleService-Info.plist */,
				808EB5D92A060B1D00DA67DA /* GoogleService-Info.plist */,
				805209A22A02D6A300A0B4D3 /* DotLoadingView.swift */,
				801B7E6E2A00A164008750CA /* MainListView.swift */,
				801B7E852A00A502008750CA /* TickerListRowView.swift */,
				801B7E9F2A00AE0A008750CA /* SearchView.swift */,
				801B7EDF2A021623008750CA /* TextView.swift */,
			);
			path = Views;
			sourceTree = "<group>";
		};
		801B7E872A00A561008750CA /* Common */ = {
			isa = PBXGroup;
			children = (
				801B7E882A00A572008750CA /* EmptyStateView.swift */,
				801B7E8A2A00A602008750CA /* ErrorStateView.swift */,
				801B7E8C2A00A644008750CA /* LoadingStateView.swift */,
			);
			path = Common;
			sourceTree = "<group>";
		};
		801B7E8E2A00A666008750CA /* View Models */ = {
			isa = PBXGroup;
			children = (
				801B7E8F2A00A674008750CA /* AppViewModel.swift */,
				801B7E942A00A73D008750CA /* QuotesViewModel.swift */,
				801B7E9D2A00ADC0008750CA /* SearchViewModel.swift */,
				801B7EB22A00CFC8008750CA /* TickerQuoteViewModel.swift */,
				801B7EBE2A019493008750CA /* ChartViewModel.swift */,
				801B7ED72A01F87B008750CA /* BlogViewModel.swift */,
			);
			path = "View Models";
			sourceTree = "<group>";
		};
		801B7E912A00A6CA008750CA /* Mocks & Stubs */ = {
			isa = PBXGroup;
			children = (
				801B7EAB2A00C064008750CA /* MockTickerListRepository.swift */,
				801B7E922A00A6F1008750CA /* Stubs.swift */,
				801B7EA72A00B582008750CA /* MockStocksAPI.swift */,
				801B7EC02A019600008750CA /* Chart+Stubs.swift */,
			);
			path = "Mocks & Stubs";
			sourceTree = "<group>";
		};
		801B7E982A00A7B4008750CA /* Extensions */ = {
			isa = PBXGroup;
			children = (
				8087AF972A05B30D0034916B /* ChartRange+Extensions.swift */,
				8087AF952A05B30D0034916B /* Foundation+Extensions.swift */,
				8087AF962A05B30D0034916B /* Quote+Extensions.swift */,
			);
			path = Extensions;
			sourceTree = "<group>";
		};
		801B7EA12A00B308008750CA /* Services */ = {
			isa = PBXGroup;
			children = (
				801B7EA22A00B31D008750CA /* StocksAPI.swift */,
				801B7EA92A00C023008750CA /* TickerListRepository.swift */,
			);
			path = Services;
			sourceTree = "<group>";
		};
		801B7EAD2A00CF86008750CA /* Stock Ticker Sheet Views */ = {
			isa = PBXGroup;
			children = (
				801B7EB02A00CFB3008750CA /* StockTickerView.swift */,
				801B7EB42A00D1CE008750CA /* DateRangePickerView.swift */,
				801B7EB82A00D312008750CA /* QuoteDetailRowColumnView.swift */,
				801B7EC22A0196C2008750CA /* ChartView.swift */,
			);
			path = "Stock Ticker Sheet Views";
			sourceTree = "<group>";
		};
		80E839B92A070D35004B4F28 /* ChatGPT Views */ = {
			isa = PBXGroup;
			children = (
				80A9FD172A02F1F6008012E4 /* ContentView1.swift */,
			);
			path = "ChatGPT Views";
			sourceTree = "<group>";
		};
		80E839BA2A070D98004B4F28 /* Blog Views */ = {
			isa = PBXGroup;
			children = (
				801B7ED32A01F1D9008750CA /* Home.swift */,
				801B7ED52A01F315008750CA /* BlogApp.swift */,
				801B7EDB2A01FE71008750CA /* ContentView.swift */,
				801B7EDD2A0211FE008750CA /* CreatePost.swift */,
				80ABDF152A04D51000D96CD2 /* SignInView.swift */,
			);
			path = "Blog Views";
			sourceTree = "<group>";
		};
		80E839BB2A070DC1004B4F28 /* YouTube Learn Views */ = {
			isa = PBXGroup;
			children = (
				801B7EC42A01B236008750CA /* LearnView.swift */,
				801B7EC62A01B92A008750CA /* YTView.swift */,
			);
			path = "YouTube Learn Views";
			sourceTree = "<group>";
		};
/* End PBXGroup section */

/* Begin PBXNativeTarget section */
		801B7E682A00A164008750CA /* StocksApp */ = {
			isa = PBXNativeTarget;
			buildConfigurationList = 801B7E772A00A166008750CA /* Build configuration list for PBXNativeTarget "StocksApp" */;
			buildPhases = (
				801B7E652A00A164008750CA /* Sources */,
				801B7E662A00A164008750CA /* Frameworks */,
				801B7E672A00A164008750CA /* Resources */,
			);
			buildRules = (
			);
			dependencies = (
			);
			name = StocksApp;
			packageProductDependencies = (
				801B7E7B2A00A342008750CA /* StocksAPI */,
				801B7E7D2A00A342008750CA /* StocksAPIExec */,
				801B7EA52A00B52A008750CA /* XCAStocksAPI */,
				801B7ECB2A01F15E008750CA /* FirebaseAuth */,
				801B7ECD2A01F15E008750CA /* FirebaseDatabase */,
				801B7ECF2A01F15E008750CA /* FirebaseFirestore */,
				801B7ED12A01F15E008750CA /* FirebaseFirestoreSwift */,
				801B7EE62A0255E1008750CA /* OpenAISwift */,
				8008C4082A02DC7B008341FA /* ChatGPTSwift */,
			);
			productName = StocksApp;
			productReference = 801B7E692A00A164008750CA /* StocksApp.app */;
			productType = "com.apple.product-type.application";
		};
/* End PBXNativeTarget section */

/* Begin PBXProject section */
		801B7E612A00A164008750CA /* Project object */ = {
			isa = PBXProject;
			attributes = {
				BuildIndependentTargetsInParallel = 1;
				LastSwiftUpdateCheck = 1430;
				LastUpgradeCheck = 1430;
				TargetAttributes = {
					801B7E682A00A164008750CA = {
						CreatedOnToolsVersion = 14.3;
					};
				};
			};
			buildConfigurationList = 801B7E642A00A164008750CA /* Build configuration list for PBXProject "StocksApp" */;
			compatibilityVersion = "Xcode 14.0";
			developmentRegion = en;
			hasScannedForEncodings = 0;
			knownRegions = (
				en,
				Base,
			);
			mainGroup = 801B7E602A00A164008750CA;
			packageReferences = (
				801B7E7A2A00A342008750CA /* XCRemoteSwiftPackageReference "StocksAPI" */,
				801B7EA42A00B52A008750CA /* XCRemoteSwiftPackageReference "XCAStocksAPI" */,
				801B7ECA2A01F15E008750CA /* XCRemoteSwiftPackageReference "firebase-ios-sdk" */,
				801B7EE52A0255E1008750CA /* XCRemoteSwiftPackageReference "OpenAISwift" */,
				8008C4072A02DC7B008341FA /* XCRemoteSwiftPackageReference "ChatGPTSwift" */,
			);
			productRefGroup = 801B7E6A2A00A164008750CA /* Products */;
			projectDirPath = "";
			projectRoot = "";
			targets = (
				801B7E682A00A164008750CA /* StocksApp */,
			);
		};
/* End PBXProject section */

/* Begin PBXResourcesBuildPhase section */
		801B7E672A00A164008750CA /* Resources */ = {
			isa = PBXResourcesBuildPhase;
			buildActionMask = 2147483647;
			files = (
				801B7E742A00A166008750CA /* Preview Assets.xcassets in Resources */,
				808EB5DA2A060B1D00DA67DA /* GoogleService-Info.plist in Resources */,
				8087AF9C2A05B5500034916B /* GoogleService-Info.plist in Resources */,
				801B7E712A00A166008750CA /* Assets.xcassets in Resources */,
			);
			runOnlyForDeploymentPostprocessing = 0;
		};
/* End PBXResourcesBuildPhase section */

/* Begin PBXSourcesBuildPhase section */
		801B7E652A00A164008750CA /* Sources */ = {
			isa = PBXSourcesBuildPhase;
			buildActionMask = 2147483647;
			files = (
				801B7E932A00A6F1008750CA /* Stubs.swift in Sources */,
				801B7EC72A01B92A008750CA /* YTView.swift in Sources */,
				801B7EB12A00CFB3008750CA /* StockTickerView.swift in Sources */,
				8052099E2A02D65100A0B4D3 /* ChatGPTAPIModels.swift in Sources */,
				801B7E8D2A00A644008750CA /* LoadingStateView.swift in Sources */,
				801B7E9C2A00AD77008750CA /* FetchPhase.swift in Sources */,
				801B7EC32A0196C2008750CA /* ChartView.swift in Sources */,
				801B7EBF2A019493008750CA /* ChartViewModel.swift in Sources */,
				8087AF982A05B30D0034916B /* Foundation+Extensions.swift in Sources */,
				801B7E6F2A00A164008750CA /* MainListView.swift in Sources */,
				801B7E952A00A73D008750CA /* QuotesViewModel.swift in Sources */,
				801B7EB32A00CFC8008750CA /* TickerQuoteViewModel.swift in Sources */,
				801B7ED82A01F87B008750CA /* BlogViewModel.swift in Sources */,
				8087AF992A05B30D0034916B /* Quote+Extensions.swift in Sources */,
				801B7EC12A019600008750CA /* Chart+Stubs.swift in Sources */,
				801B7EDC2A01FE71008750CA /* ContentView.swift in Sources */,
				801B7E902A00A674008750CA /* AppViewModel.swift in Sources */,
				801B7ED42A01F1D9008750CA /* Home.swift in Sources */,
				801B7EE02A021623008750CA /* TextView.swift in Sources */,
				801B7E6D2A00A164008750CA /* StocksApp.swift in Sources */,
				8087AF9A2A05B30D0034916B /* ChartRange+Extensions.swift in Sources */,
				801B7EAA2A00C023008750CA /* TickerListRepository.swift in Sources */,
				80A9FD182A02F1F6008012E4 /* ContentView1.swift in Sources */,
				801B7EB52A00D1CE008750CA /* DateRangePickerView.swift in Sources */,
				801B7EDE2A0211FE008750CA /* CreatePost.swift in Sources */,
				801B7EDA2A01F890008750CA /* Post.swift in Sources */,
				801B7ED62A01F315008750CA /* BlogApp.swift in Sources */,
				801B7E892A00A572008750CA /* EmptyStateView.swift in Sources */,
				801B7E9E2A00ADC0008750CA /* SearchViewModel.swift in Sources */,
				801B7E972A00A78A008750CA /* Utils.swift in Sources */,
				801B7EA02A00AE0A008750CA /* SearchView.swift in Sources */,
				801B7EA32A00B31D008750CA /* StocksAPI.swift in Sources */,
				801B7EA82A00B582008750CA /* MockStocksAPI.swift in Sources */,
				801B7EBD2A01941C008750CA /* ChartViewData.swift in Sources */,
				801B7EAC2A00C064008750CA /* MockTickerListRepository.swift in Sources */,
				801B7EB92A00D312008750CA /* QuoteDetailRowColumnView.swift in Sources */,
				805209A82A02D6A300A0B4D3 /* DotLoadingView.swift in Sources */,
				80ABDF162A04D51000D96CD2 /* SignInView.swift in Sources */,
				801B7EC52A01B236008750CA /* LearnView.swift in Sources */,
				801B7E8B2A00A603008750CA /* ErrorStateView.swift in Sources */,
				801B7E802A00A3C6008750CA /* TickerListRowData.swift in Sources */,
				801B7E862A00A502008750CA /* TickerListRowView.swift in Sources */,
			);
			runOnlyForDeploymentPostprocessing = 0;
		};
/* End PBXSourcesBuildPhase section */

/* Begin XCBuildConfiguration section */
		801B7E752A00A166008750CA /* Debug */ = {
			isa = XCBuildConfiguration;
			buildSettings = {
				ALWAYS_SEARCH_USER_PATHS = NO;
				CLANG_ANALYZER_NONNULL = YES;
				CLANG_ANALYZER_NUMBER_OBJECT_CONVERSION = YES_AGGRESSIVE;
				CLANG_CXX_LANGUAGE_STANDARD = "gnu++20";
				CLANG_ENABLE_MODULES = YES;
				CLANG_ENABLE_OBJC_ARC = YES;
				CLANG_ENABLE_OBJC_WEAK = YES;
				CLANG_WARN_BLOCK_CAPTURE_AUTORELEASING = YES;
				CLANG_WARN_BOOL_CONVERSION = YES;
				CLANG_WARN_COMMA = YES;
				CLANG_WARN_CONSTANT_CONVERSION = YES;
				CLANG_WARN_DEPRECATED_OBJC_IMPLEMENTATIONS = YES;
				CLANG_WARN_DIRECT_OBJC_ISA_USAGE = YES_ERROR;
				CLANG_WARN_DOCUMENTATION_COMMENTS = YES;
				CLANG_WARN_EMPTY_BODY = YES;
				CLANG_WARN_ENUM_CONVERSION = YES;
				CLANG_WARN_INFINITE_RECURSION = YES;
				CLANG_WARN_INT_CONVERSION = YES;
				CLANG_WARN_NON_LITERAL_NULL_CONVERSION = YES;
				CLANG_WARN_OBJC_IMPLICIT_RETAIN_SELF = YES;
				CLANG_WARN_OBJC_LITERAL_CONVERSION = YES;
				CLANG_WARN_OBJC_ROOT_CLASS = YES_ERROR;
				CLANG_WARN_QUOTED_INCLUDE_IN_FRAMEWORK_HEADER = YES;
				CLANG_WARN_RANGE_LOOP_ANALYSIS = YES;
				CLANG_WARN_STRICT_PROTOTYPES = YES;
				CLANG_WARN_SUSPICIOUS_MOVE = YES;
				CLANG_WARN_UNGUARDED_AVAILABILITY = YES_AGGRESSIVE;
				CLANG_WARN_UNREACHABLE_CODE = YES;
				CLANG_WARN__DUPLICATE_METHOD_MATCH = YES;
				COPY_PHASE_STRIP = NO;
				DEBUG_INFORMATION_FORMAT = dwarf;
				ENABLE_STRICT_OBJC_MSGSEND = YES;
				ENABLE_TESTABILITY = YES;
				GCC_C_LANGUAGE_STANDARD = gnu11;
				GCC_DYNAMIC_NO_PIC = NO;
				GCC_NO_COMMON_BLOCKS = YES;
				GCC_OPTIMIZATION_LEVEL = 0;
				GCC_PREPROCESSOR_DEFINITIONS = (
					"DEBUG=1",
					"$(inherited)",
				);
				GCC_WARN_64_TO_32_BIT_CONVERSION = YES;
				GCC_WARN_ABOUT_RETURN_TYPE = YES_ERROR;
				GCC_WARN_UNDECLARED_SELECTOR = YES;
				GCC_WARN_UNINITIALIZED_AUTOS = YES_AGGRESSIVE;
				GCC_WARN_UNUSED_FUNCTION = YES;
				GCC_WARN_UNUSED_VARIABLE = YES;
				IPHONEOS_DEPLOYMENT_TARGET = 16.4;
				MTL_ENABLE_DEBUG_INFO = INCLUDE_SOURCE;
				MTL_FAST_MATH = YES;
				ONLY_ACTIVE_ARCH = YES;
				SDKROOT = iphoneos;
				SWIFT_ACTIVE_COMPILATION_CONDITIONS = DEBUG;
				SWIFT_OPTIMIZATION_LEVEL = "-Onone";
			};
			name = Debug;
		};
		801B7E762A00A166008750CA /* Release */ = {
			isa = XCBuildConfiguration;
			buildSettings = {
				ALWAYS_SEARCH_USER_PATHS = NO;
				CLANG_ANALYZER_NONNULL = YES;
				CLANG_ANALYZER_NUMBER_OBJECT_CONVERSION = YES_AGGRESSIVE;
				CLANG_CXX_LANGUAGE_STANDARD = "gnu++20";
				CLANG_ENABLE_MODULES = YES;
				CLANG_ENABLE_OBJC_ARC = YES;
				CLANG_ENABLE_OBJC_WEAK = YES;
				CLANG_WARN_BLOCK_CAPTURE_AUTORELEASING = YES;
				CLANG_WARN_BOOL_CONVERSION = YES;
				CLANG_WARN_COMMA = YES;
				CLANG_WARN_CONSTANT_CONVERSION = YES;
				CLANG_WARN_DEPRECATED_OBJC_IMPLEMENTATIONS = YES;
				CLANG_WARN_DIRECT_OBJC_ISA_USAGE = YES_ERROR;
				CLANG_WARN_DOCUMENTATION_COMMENTS = YES;
				CLANG_WARN_EMPTY_BODY = YES;
				CLANG_WARN_ENUM_CONVERSION = YES;
				CLANG_WARN_INFINITE_RECURSION = YES;
				CLANG_WARN_INT_CONVERSION = YES;
				CLANG_WARN_NON_LITERAL_NULL_CONVERSION = YES;
				CLANG_WARN_OBJC_IMPLICIT_RETAIN_SELF = YES;
				CLANG_WARN_OBJC_LITERAL_CONVERSION = YES;
				CLANG_WARN_OBJC_ROOT_CLASS = YES_ERROR;
				CLANG_WARN_QUOTED_INCLUDE_IN_FRAMEWORK_HEADER = YES;
				CLANG_WARN_RANGE_LOOP_ANALYSIS = YES;
				CLANG_WARN_STRICT_PROTOTYPES = YES;
				CLANG_WARN_SUSPICIOUS_MOVE = YES;
				CLANG_WARN_UNGUARDED_AVAILABILITY = YES_AGGRESSIVE;
				CLANG_WARN_UNREACHABLE_CODE = YES;
				CLANG_WARN__DUPLICATE_METHOD_MATCH = YES;
				COPY_PHASE_STRIP = NO;
				DEBUG_INFORMATION_FORMAT = "dwarf-with-dsym";
				ENABLE_NS_ASSERTIONS = NO;
				ENABLE_STRICT_OBJC_MSGSEND = YES;
				GCC_C_LANGUAGE_STANDARD = gnu11;
				GCC_NO_COMMON_BLOCKS = YES;
				GCC_WARN_64_TO_32_BIT_CONVERSION = YES;
				GCC_WARN_ABOUT_RETURN_TYPE = YES_ERROR;
				GCC_WARN_UNDECLARED_SELECTOR = YES;
				GCC_WARN_UNINITIALIZED_AUTOS = YES_AGGRESSIVE;
				GCC_WARN_UNUSED_FUNCTION = YES;
				GCC_WARN_UNUSED_VARIABLE = YES;
				IPHONEOS_DEPLOYMENT_TARGET = 16.4;
				MTL_ENABLE_DEBUG_INFO = NO;
				MTL_FAST_MATH = YES;
				SDKROOT = iphoneos;
				SWIFT_COMPILATION_MODE = wholemodule;
				SWIFT_OPTIMIZATION_LEVEL = "-O";
				VALIDATE_PRODUCT = YES;
			};
			name = Release;
		};
		801B7E782A00A166008750CA /* Debug */ = {
			isa = XCBuildConfiguration;
			buildSettings = {
				ASSETCATALOG_COMPILER_APPICON_NAME = AppIcon;
				ASSETCATALOG_COMPILER_GLOBAL_ACCENT_COLOR_NAME = AccentColor;
				CODE_SIGN_ENTITLEMENTS = StocksApp/StocksApp.entitlements;
				CODE_SIGN_STYLE = Automatic;
				CURRENT_PROJECT_VERSION = 1;
				DEVELOPMENT_ASSET_PATHS = "StocksApp/StocksApp.swift StocksApp/Preview\\ Content StocksApp/Info.plist";
				DEVELOPMENT_TEAM = 8LX2UKX6SY;
				ENABLE_PREVIEWS = YES;
				GENERATE_INFOPLIST_FILE = YES;
				INFOPLIST_FILE = StocksApp/Info.plist;
				INFOPLIST_KEY_UIApplicationSceneManifest_Generation = YES;
				INFOPLIST_KEY_UIApplicationSupportsIndirectInputEvents = YES;
				INFOPLIST_KEY_UILaunchScreen_Generation = YES;
				INFOPLIST_KEY_UISupportedInterfaceOrientations_iPad = "UIInterfaceOrientationPortrait UIInterfaceOrientationPortraitUpsideDown UIInterfaceOrientationLandscapeLeft UIInterfaceOrientationLandscapeRight";
				INFOPLIST_KEY_UISupportedInterfaceOrientations_iPhone = "UIInterfaceOrientationPortrait UIInterfaceOrientationLandscapeLeft UIInterfaceOrientationLandscapeRight";
				IPHONEOS_DEPLOYMENT_TARGET = 16.4;
				LD_RUNPATH_SEARCH_PATHS = (
					"$(inherited)",
					"@executable_path/Frameworks",
				);
				MARKETING_VERSION = 1.0;
				PRODUCT_BUNDLE_IDENTIFIER = vaibhavrajani.StocksApp;
				PRODUCT_NAME = "$(TARGET_NAME)";
				SWIFT_EMIT_LOC_STRINGS = YES;
				SWIFT_VERSION = 5.0;
				TARGETED_DEVICE_FAMILY = "1,2";
			};
			name = Debug;
		};
		801B7E792A00A166008750CA /* Release */ = {
			isa = XCBuildConfiguration;
			buildSettings = {
				ASSETCATALOG_COMPILER_APPICON_NAME = AppIcon;
				ASSETCATALOG_COMPILER_GLOBAL_ACCENT_COLOR_NAME = AccentColor;
				CODE_SIGN_ENTITLEMENTS = StocksApp/StocksApp.entitlements;
				CODE_SIGN_STYLE = Automatic;
				CURRENT_PROJECT_VERSION = 1;
				DEVELOPMENT_ASSET_PATHS = "StocksApp/StocksApp.swift StocksApp/Preview\\ Content StocksApp/Info.plist";
				DEVELOPMENT_TEAM = 8LX2UKX6SY;
				ENABLE_PREVIEWS = YES;
				GENERATE_INFOPLIST_FILE = YES;
				INFOPLIST_FILE = StocksApp/Info.plist;
				INFOPLIST_KEY_UIApplicationSceneManifest_Generation = YES;
				INFOPLIST_KEY_UIApplicationSupportsIndirectInputEvents = YES;
				INFOPLIST_KEY_UILaunchScreen_Generation = YES;
				INFOPLIST_KEY_UISupportedInterfaceOrientations_iPad = "UIInterfaceOrientationPortrait UIInterfaceOrientationPortraitUpsideDown UIInterfaceOrientationLandscapeLeft UIInterfaceOrientationLandscapeRight";
				INFOPLIST_KEY_UISupportedInterfaceOrientations_iPhone = "UIInterfaceOrientationPortrait UIInterfaceOrientationLandscapeLeft UIInterfaceOrientationLandscapeRight";
				IPHONEOS_DEPLOYMENT_TARGET = 16.4;
				LD_RUNPATH_SEARCH_PATHS = (
					"$(inherited)",
					"@executable_path/Frameworks",
				);
				MARKETING_VERSION = 1.0;
				PRODUCT_BUNDLE_IDENTIFIER = vaibhavrajani.StocksApp;
				PRODUCT_NAME = "$(TARGET_NAME)";
				SWIFT_EMIT_LOC_STRINGS = YES;
				SWIFT_VERSION = 5.0;
				TARGETED_DEVICE_FAMILY = "1,2";
			};
			name = Release;
		};
/* End XCBuildConfiguration section */

/* Begin XCConfigurationList section */
		801B7E642A00A164008750CA /* Build configuration list for PBXProject "StocksApp" */ = {
			isa = XCConfigurationList;
			buildConfigurations = (
				801B7E752A00A166008750CA /* Debug */,
				801B7E762A00A166008750CA /* Release */,
			);
			defaultConfigurationIsVisible = 0;
			defaultConfigurationName = Release;
		};
		801B7E772A00A166008750CA /* Build configuration list for PBXNativeTarget "StocksApp" */ = {
			isa = XCConfigurationList;
			buildConfigurations = (
				801B7E782A00A166008750CA /* Debug */,
				801B7E792A00A166008750CA /* Release */,
			);
			defaultConfigurationIsVisible = 0;
			defaultConfigurationName = Release;
		};
/* End XCConfigurationList section */

/* Begin XCRemoteSwiftPackageReference section */
		8008C4072A02DC7B008341FA /* XCRemoteSwiftPackageReference "ChatGPTSwift" */ = {
			isa = XCRemoteSwiftPackageReference;
			repositoryURL = "https://github.com/alfianlosari/ChatGPTSwift";
			requirement = {
				kind = upToNextMajorVersion;
				minimumVersion = 1.0.0;
			};
		};
		801B7E7A2A00A342008750CA /* XCRemoteSwiftPackageReference "StocksAPI" */ = {
			isa = XCRemoteSwiftPackageReference;
			repositoryURL = "https://github.com/VaibhavRajani/StocksAPI";
			requirement = {
				branch = main;
				kind = branch;
			};
		};
		801B7EA42A00B52A008750CA /* XCRemoteSwiftPackageReference "XCAStocksAPI" */ = {
			isa = XCRemoteSwiftPackageReference;
			repositoryURL = "https://github.com/alfianlosari/XCAStocksAPI";
			requirement = {
				branch = main;
				kind = branch;
			};
		};
		801B7ECA2A01F15E008750CA /* XCRemoteSwiftPackageReference "firebase-ios-sdk" */ = {
			isa = XCRemoteSwiftPackageReference;
			repositoryURL = "https://github.com/firebase/firebase-ios-sdk";
			requirement = {
				kind = upToNextMajorVersion;
				minimumVersion = 10.0.0;
			};
		};
		801B7EE52A0255E1008750CA /* XCRemoteSwiftPackageReference "OpenAISwift" */ = {
			isa = XCRemoteSwiftPackageReference;
			repositoryURL = "https://github.com/adamrushy/OpenAISwift.git";
			requirement = {
				kind = upToNextMajorVersion;
				minimumVersion = 1.0.0;
			};
		};
/* End XCRemoteSwiftPackageReference section */

/* Begin XCSwiftPackageProductDependency section */
		8008C4082A02DC7B008341FA /* ChatGPTSwift */ = {
			isa = XCSwiftPackageProductDependency;
			package = 8008C4072A02DC7B008341FA /* XCRemoteSwiftPackageReference "ChatGPTSwift" */;
			productName = ChatGPTSwift;
		};
		801B7E7B2A00A342008750CA /* StocksAPI */ = {
			isa = XCSwiftPackageProductDependency;
			package = 801B7E7A2A00A342008750CA /* XCRemoteSwiftPackageReference "StocksAPI" */;
			productName = StocksAPI;
		};
		801B7E7D2A00A342008750CA /* StocksAPIExec */ = {
			isa = XCSwiftPackageProductDependency;
			package = 801B7E7A2A00A342008750CA /* XCRemoteSwiftPackageReference "StocksAPI" */;
			productName = StocksAPIExec;
		};
		801B7EA52A00B52A008750CA /* XCAStocksAPI */ = {
			isa = XCSwiftPackageProductDependency;
			package = 801B7EA42A00B52A008750CA /* XCRemoteSwiftPackageReference "XCAStocksAPI" */;
			productName = XCAStocksAPI;
		};
		801B7ECB2A01F15E008750CA /* FirebaseAuth */ = {
			isa = XCSwiftPackageProductDependency;
			package = 801B7ECA2A01F15E008750CA /* XCRemoteSwiftPackageReference "firebase-ios-sdk" */;
			productName = FirebaseAuth;
		};
		801B7ECD2A01F15E008750CA /* FirebaseDatabase */ = {
			isa = XCSwiftPackageProductDependency;
			package = 801B7ECA2A01F15E008750CA /* XCRemoteSwiftPackageReference "firebase-ios-sdk" */;
			productName = FirebaseDatabase;
		};
		801B7ECF2A01F15E008750CA /* FirebaseFirestore */ = {
			isa = XCSwiftPackageProductDependency;
			package = 801B7ECA2A01F15E008750CA /* XCRemoteSwiftPackageReference "firebase-ios-sdk" */;
			productName = FirebaseFirestore;
		};
		801B7ED12A01F15E008750CA /* FirebaseFirestoreSwift */ = {
			isa = XCSwiftPackageProductDependency;
			package = 801B7ECA2A01F15E008750CA /* XCRemoteSwiftPackageReference "firebase-ios-sdk" */;
			productName = FirebaseFirestoreSwift;
		};
		801B7EE62A0255E1008750CA /* OpenAISwift */ = {
			isa = XCSwiftPackageProductDependency;
			package = 801B7EE52A0255E1008750CA /* XCRemoteSwiftPackageReference "OpenAISwift" */;
			productName = OpenAISwift;
		};
/* End XCSwiftPackageProductDependency section */
	};
	rootObject = 801B7E612A00A164008750CA /* Project object */;
}
